// !$*UTF8*$!
{
	archiveVersion = 1;
	classes = {
	};
	objectVersion = 50;
	objects = {

/* Begin PBXBuildFile section */
		40258FC726AA332C0095F8E0 /* AppDelegate.swift in Sources */ = {isa = PBXBuildFile; fileRef = 40258FC626AA332C0095F8E0 /* AppDelegate.swift */; };
		40258FC926AA332C0095F8E0 /* SceneDelegate.swift in Sources */ = {isa = PBXBuildFile; fileRef = 40258FC826AA332C0095F8E0 /* SceneDelegate.swift */; };
		40258FCB26AA332C0095F8E0 /* ViewController.swift in Sources */ = {isa = PBXBuildFile; fileRef = 40258FCA26AA332C0095F8E0 /* ViewController.swift */; };
		40258FCE26AA332C0095F8E0 /* Main.storyboard in Resources */ = {isa = PBXBuildFile; fileRef = 40258FCC26AA332C0095F8E0 /* Main.storyboard */; };
		40258FD026AA332E0095F8E0 /* Assets.xcassets in Resources */ = {isa = PBXBuildFile; fileRef = 40258FCF26AA332E0095F8E0 /* Assets.xcassets */; };
		40258FD326AA332E0095F8E0 /* LaunchScreen.storyboard in Resources */ = {isa = PBXBuildFile; fileRef = 40258FD126AA332E0095F8E0 /* LaunchScreen.storyboard */; };
		40258FDC26AA379C0095F8E0 /* ConcentrationModel.swift in Sources */ = {isa = PBXBuildFile; fileRef = 40258FDB26AA379C0095F8E0 /* ConcentrationModel.swift */; };
		40258FDF26AA37B70095F8E0 /* CardModel.swift in Sources */ = {isa = PBXBuildFile; fileRef = 40258FDE26AA37B70095F8E0 /* CardModel.swift */; };
/* End PBXBuildFile section */

/* Begin PBXFileReference section */
		40258FC326AA332C0095F8E0 /* Cs193PHomeWork.app */ = {isa = PBXFileReference; explicitFileType = wrapper.application; includeInIndex = 0; path = Cs193PHomeWork.app; sourceTree = BUILT_PRODUCTS_DIR; };
		40258FC626AA332C0095F8E0 /* AppDelegate.swift */ = {isa = PBXFileReference; lastKnownFileType = sourcecode.swift; path = AppDelegate.swift; sourceTree = "<group>"; };
		40258FC826AA332C0095F8E0 /* SceneDelegate.swift */ = {isa = PBXFileReference; lastKnownFileType = sourcecode.swift; path = SceneDelegate.swift; sourceTree = "<group>"; };
		40258FCA26AA332C0095F8E0 /* ViewController.swift */ = {isa = PBXFileReference; lastKnownFileType = sourcecode.swift; path = ViewController.swift; sourceTree = "<group>"; };
		40258FCD26AA332C0095F8E0 /* Base */ = {isa = PBXFileReference; lastKnownFileType = file.storyboard; name = Base; path = Base.lproj/Main.storyboard; sourceTree = "<group>"; };
		40258FCF26AA332E0095F8E0 /* Assets.xcassets */ = {isa = PBXFileReference; lastKnownFileType = folder.assetcatalog; path = Assets.xcassets; sourceTree = "<group>"; };
		40258FD226AA332E0095F8E0 /* Base */ = {isa = PBXFileReference; lastKnownFileType = file.storyboard; name = Base; path = Base.lproj/LaunchScreen.storyboard; sourceTree = "<group>"; };
		40258FD426AA332E0095F8E0 /* Info.plist */ = {isa = PBXFileReference; lastKnownFileType = text.plist.xml; path = Info.plist; sourceTree = "<group>"; };
		40258FDB26AA379C0095F8E0 /* ConcentrationModel.swift */ = {isa = PBXFileReference; lastKnownFileType = sourcecode.swift; path = ConcentrationModel.swift; sourceTree = "<group>"; };
		40258FDE26AA37B70095F8E0 /* CardModel.swift */ = {isa = PBXFileReference; lastKnownFileType = sourcecode.swift; path = CardModel.swift; sourceTree = "<group>"; };
/* End PBXFileReference section */

/* Begin PBXFrameworksBuildPhase section */
		40258FC026AA332C0095F8E0 /* Frameworks */ = {
			isa = PBXFrameworksBuildPhase;
			buildActionMask = 2147483647;
			files = (
			);
			runOnlyForDeploymentPostprocessing = 0;
		};
/* End PBXFrameworksBuildPhase section */

/* Begin PBXGroup section */
		40258FBA26AA332C0095F8E0 = {
			isa = PBXGroup;
			children = (
				40258FC526AA332C0095F8E0 /* Cs193PHomeWork */,
				40258FC426AA332C0095F8E0 /* Products */,
			);
			sourceTree = "<group>";
		};
		40258FC426AA332C0095F8E0 /* Products */ = {
			isa = PBXGroup;
			children = (
				40258FC326AA332C0095F8E0 /* Cs193PHomeWork.app */,
			);
			name = Products;
			sourceTree = "<group>";
		};
		40258FC526AA332C0095F8E0 /* Cs193PHomeWork */ = {
			isa = PBXGroup;
			children = (
				40258FDA26AA33340095F8E0 /* New Group */,
				40258FCC26AA332C0095F8E0 /* Main.storyboard */,
				40258FCF26AA332E0095F8E0 /* Assets.xcassets */,
				40258FD426AA332E0095F8E0 /* Info.plist */,
				40258FCA26AA332C0095F8E0 /* ViewController.swift */,
				40258FDB26AA379C0095F8E0 /* ConcentrationModel.swift */,
				40258FDE26AA37B70095F8E0 /* CardModel.swift */,
			);
			path = Cs193PHomeWork;
			sourceTree = "<group>";
		};
		40258FDA26AA33340095F8E0 /* New Group */ = {
			isa = PBXGroup;
			children = (
				40258FD126AA332E0095F8E0 /* LaunchScreen.storyboard */,
				40258FC826AA332C0095F8E0 /* SceneDelegate.swift */,
				40258FC626AA332C0095F8E0 /* AppDelegate.swift */,
			);
			path = "New Group";
			sourceTree = "<group>";
		};
/* End PBXGroup section */

/* Begin PBXNativeTarget section */
		40258FC226AA332C0095F8E0 /* Cs193PHomeWork */ = {
			isa = PBXNativeTarget;
			buildConfigurationList = 40258FD726AA332E0095F8E0 /* Build configuration list for PBXNativeTarget "Cs193PHomeWork" */;
			buildPhases = (
				40258FBF26AA332C0095F8E0 /* Sources */,
				40258FC026AA332C0095F8E0 /* Frameworks */,
				40258FC126AA332C0095F8E0 /* Resources */,
			);
			buildRules = (
			);
			dependencies = (
			);
			name = Cs193PHomeWork;
			productName = Cs193PHomeWork;
			productReference = 40258FC326AA332C0095F8E0 /* Cs193PHomeWork.app */;
			productType = "com.apple.product-type.application";
		};
/* End PBXNativeTarget section */

/* Begin PBXProject section */
		40258FBB26AA332C0095F8E0 /* Project object */ = {
			isa = PBXProject;
			attributes = {
				LastSwiftUpdateCheck = 1250;
				LastUpgradeCheck = 1250;
				TargetAttributes = {
					40258FC226AA332C0095F8E0 = {
						CreatedOnToolsVersion = 12.5.1;
					};
				};
			};
			buildConfigurationList = 40258FBE26AA332C0095F8E0 /* Build configuration list for PBXProject "Cs193PHomeWork" */;
			compatibilityVersion = "Xcode 9.3";
			developmentRegion = en;
			hasScannedForEncodings = 0;
			knownRegions = (
				en,
				Base,
			);
			mainGroup = 40258FBA26AA332C0095F8E0;
			productRefGroup = 40258FC426AA332C0095F8E0 /* Products */;
			projectDirPath = "";
			projectRoot = "";
			targets = (
				40258FC226AA332C0095F8E0 /* Cs193PHomeWork */,
			);
		};
/* End PBXProject section */

/* Begin PBXResourcesBuildPhase section */
		40258FC126AA332C0095F8E0 /* Resources */ = {
			isa = PBXResourcesBuildPhase;
			buildActionMask = 2147483647;
			files = (
				40258FD326AA332E0095F8E0 /* LaunchScreen.storyboard in Resources */,
				40258FD026AA332E0095F8E0 /* Assets.xcassets in Resources */,
				40258FCE26AA332C0095F8E0 /* Main.storyboard in Resources */,
			);
			runOnlyForDeploymentPostprocessing = 0;
		};
/* End PBXResourcesBuildPhase section */

/* Begin PBXSourcesBuildPhase section */
		40258FBF26AA332C0095F8E0 /* Sources */ = {
			isa = PBXSourcesBuildPhase;
			buildActionMask = 2147483647;
			files = (
				40258FCB26AA332C0095F8E0 /* ViewController.swift in Sources */,
				40258FC726AA332C0095F8E0 /* AppDelegate.swift in Sources */,
				40258FC926AA332C0095F8E0 /* SceneDelegate.swift in Sources */,
				40258FDC26AA379C0095F8E0 /* ConcentrationModel.swift in Sources */,
				40258FDF26AA37B70095F8E0 /* CardModel.swift in Sources */,
			);
			runOnlyForDeploymentPostprocessing = 0;
		};
/* End PBXSourcesBuildPhase section */

/* Begin PBXVariantGroup section */
		40258FCC26AA332C0095F8E0 /* Main.storyboard */ = {
			isa = PBXVariantGroup;
			children = (
				40258FCD26AA332C0095F8E0 /* Base */,
			);
			name = Main.storyboard;
			sourceTree = "<group>";
		};
		40258FD126AA332E0095F8E0 /* LaunchScreen.storyboard */ = {
			isa = PBXVariantGroup;
			children = (
				40258FD226AA332E0095F8E0 /* Base */,
			);
			name = LaunchScreen.storyboard;
			sourceTree = "<group>";
		};
/* End PBXVariantGroup section */

/* Begin XCBuildConfiguration section */
		40258FD526AA332E0095F8E0 /* Debug */ = {
			isa = XCBuildConfiguration;
			buildSettings = {
				ALWAYS_SEARCH_USER_PATHS = NO;
				CLANG_ANALYZER_NONNULL = YES;
				CLANG_ANALYZER_NUMBER_OBJECT_CONVERSION = YES_AGGRESSIVE;
				CLANG_CXX_LANGUAGE_STANDARD = "gnu++14";
				CLANG_CXX_LIBRARY = "libc++";
				CLANG_ENABLE_MODULES = YES;
				CLANG_ENABLE_OBJC_ARC = YES;
				CLANG_ENABLE_OBJC_WEAK = YES;
				CLANG_WARN_BLOCK_CAPTURE_AUTORELEASING = YES;
				CLANG_WARN_BOOL_CONVERSION = YES;
				CLANG_WARN_COMMA = YES;
				CLANG_WARN_CONSTANT_CONVERSION = YES;
				CLANG_WARN_DEPRECATED_OBJC_IMPLEMENTATIONS = YES;
				CLANG_WARN_DIRECT_OBJC_ISA_USAGE = YES_ERROR;
				CLANG_WARN_DOCUMENTATION_COMMENTS = YES;
				CLANG_WARN_EMPTY_BODY = YES;
				CLANG_WARN_ENUM_CONVERSION = YES;
				CLANG_WARN_INFINITE_RECURSION = YES;
				CLANG_WARN_INT_CONVERSION = YES;
				CLANG_WARN_NON_LITERAL_NULL_CONVERSION = YES;
				CLANG_WARN_OBJC_IMPLICIT_RETAIN_SELF = YES;
				CLANG_WARN_OBJC_LITERAL_CONVERSION = YES;
				CLANG_WARN_OBJC_ROOT_CLASS = YES_ERROR;
				CLANG_WARN_QUOTED_INCLUDE_IN_FRAMEWORK_HEADER = YES;
				CLANG_WARN_RANGE_LOOP_ANALYSIS = YES;
				CLANG_WARN_STRICT_PROTOTYPES = YES;
				CLANG_WARN_SUSPICIOUS_MOVE = YES;
				CLANG_WARN_UNGUARDED_AVAILABILITY = YES_AGGRESSIVE;
				CLANG_WARN_UNREACHABLE_CODE = YES;
				CLANG_WARN__DUPLICATE_METHOD_MATCH = YES;
				COPY_PHASE_STRIP = NO;
				DEBUG_INFORMATION_FORMAT = dwarf;
				ENABLE_STRICT_OBJC_MSGSEND = YES;
				ENABLE_TESTABILITY = YES;
				GCC_C_LANGUAGE_STANDARD = gnu11;
				GCC_DYNAMIC_NO_PIC = NO;
				GCC_NO_COMMON_BLOCKS = YES;
				GCC_OPTIMIZATION_LEVEL = 0;
				GCC_PREPROCESSOR_DEFINITIONS = (
					"DEBUG=1",
					"$(inherited)",
				);
				GCC_WARN_64_TO_32_BIT_CONVERSION = YES;
				GCC_WARN_ABOUT_RETURN_TYPE = YES_ERROR;
				GCC_WARN_UNDECLARED_SELECTOR = YES;
				GCC_WARN_UNINITIALIZED_AUTOS = YES_AGGRESSIVE;
				GCC_WARN_UNUSED_FUNCTION = YES;
				GCC_WARN_UNUSED_VARIABLE = YES;
				IPHONEOS_DEPLOYMENT_TARGET = 14.5;
				MTL_ENABLE_DEBUG_INFO = INCLUDE_SOURCE;
				MTL_FAST_MATH = YES;
				ONLY_ACTIVE_ARCH = YES;
				SDKROOT = iphoneos;
				SWIFT_ACTIVE_COMPILATION_CONDITIONS = DEBUG;
				SWIFT_OPTIMIZATION_LEVEL = "-Onone";
			};
			name = Debug;
		};
		40258FD626AA332E0095F8E0 /* Release */ = {
			isa = XCBuildConfiguration;
			buildSettings = {
				ALWAYS_SEARCH_USER_PATHS = NO;
				CLANG_ANALYZER_NONNULL = YES;
				CLANG_ANALYZER_NUMBER_OBJECT_CONVERSION = YES_AGGRESSIVE;
				CLANG_CXX_LANGUAGE_STANDARD = "gnu++14";
				CLANG_CXX_LIBRARY = "libc++";
				CLANG_ENABLE_MODULES = YES;
				CLANG_ENABLE_OBJC_ARC = YES;
				CLANG_ENABLE_OBJC_WEAK = YES;
				CLANG_WARN_BLOCK_CAPTURE_AUTORELEASING = YES;
				CLANG_WARN_BOOL_CONVERSION = YES;
				CLANG_WARN_COMMA = YES;
				CLANG_WARN_CONSTANT_CONVERSION = YES;
				CLANG_WARN_DEPRECATED_OBJC_IMPLEMENTATIONS = YES;
				CLANG_WARN_DIRECT_OBJC_ISA_USAGE = YES_ERROR;
				CLANG_WARN_DOCUMENTATION_COMMENTS = YES;
				CLANG_WARN_EMPTY_BODY = YES;
				CLANG_WARN_ENUM_CONVERSION = YES;
				CLANG_WARN_INFINITE_RECURSION = YES;
				CLANG_WARN_INT_CONVERSION = YES;
				CLANG_WARN_NON_LITERAL_NULL_CONVERSION = YES;
				CLANG_WARN_OBJC_IMPLICIT_RETAIN_SELF = YES;
				CLANG_WARN_OBJC_LITERAL_CONVERSION = YES;
				CLANG_WARN_OBJC_ROOT_CLASS = YES_ERROR;
				CLANG_WARN_QUOTED_INCLUDE_IN_FRAMEWORK_HEADER = YES;
				CLANG_WARN_RANGE_LOOP_ANALYSIS = YES;
				CLANG_WARN_STRICT_PROTOTYPES = YES;
				CLANG_WARN_SUSPICIOUS_MOVE = YES;
				CLANG_WARN_UNGUARDED_AVAILABILITY = YES_AGGRESSIVE;
				CLANG_WARN_UNREACHABLE_CODE = YES;
				CLANG_WARN__DUPLICATE_METHOD_MATCH = YES;
				COPY_PHASE_STRIP = NO;
				DEBUG_INFORMATION_FORMAT = "dwarf-with-dsym";
				ENABLE_NS_ASSERTIONS = NO;
				ENABLE_STRICT_OBJC_MSGSEND = YES;
				GCC_C_LANGUAGE_STANDARD = gnu11;
				GCC_NO_COMMON_BLOCKS = YES;
				GCC_WARN_64_TO_32_BIT_CONVERSION = YES;
				GCC_WARN_ABOUT_RETURN_TYPE = YES_ERROR;
				GCC_WARN_UNDECLARED_SELECTOR = YES;
				GCC_WARN_UNINITIALIZED_AUTOS = YES_AGGRESSIVE;
				GCC_WARN_UNUSED_FUNCTION = YES;
				GCC_WARN_UNUSED_VARIABLE = YES;
				IPHONEOS_DEPLOYMENT_TARGET = 14.5;
				MTL_ENABLE_DEBUG_INFO = NO;
				MTL_FAST_MATH = YES;
				SDKROOT = iphoneos;
				SWIFT_COMPILATION_MODE = wholemodule;
				SWIFT_OPTIMIZATION_LEVEL = "-O";
				VALIDATE_PRODUCT = YES;
			};
			name = Release;
		};
		40258FD826AA332E0095F8E0 /* Debug */ = {
			isa = XCBuildConfiguration;
			buildSettings = {
				ASSETCATALOG_COMPILER_APPICON_NAME = AppIcon;
				ASSETCATALOG_COMPILER_GLOBAL_ACCENT_COLOR_NAME = AccentColor;
				CODE_SIGN_STYLE = Automatic;
				DEVELOPMENT_TEAM = L765CYF8SR;
				INFOPLIST_FILE = Cs193PHomeWork/Info.plist;
				LD_RUNPATH_SEARCH_PATHS = (
					"$(inherited)",
					"@executable_path/Frameworks",
				);
				PRODUCT_BUNDLE_IDENTIFIER = com.jihun.Cs193PHomeWork;
				PRODUCT_NAME = "$(TARGET_NAME)";
				SWIFT_VERSION = 5.0;
				TARGETED_DEVICE_FAMILY = "1,2";
			};
			name = Debug;
		};
		40258FD926AA332E0095F8E0 /* Release */ = {
			isa = XCBuildConfiguration;
			buildSettings = {
				ASSETCATALOG_COMPILER_APPICON_NAME = AppIcon;
				ASSETCATALOG_COMPILER_GLOBAL_ACCENT_COLOR_NAME = AccentColor;
				CODE_SIGN_STYLE = Automatic;
				DEVELOPMENT_TEAM = L765CYF8SR;
				INFOPLIST_FILE = Cs193PHomeWork/Info.plist;
				LD_RUNPATH_SEARCH_PATHS = (
					"$(inherited)",
					"@executable_path/Frameworks",
				);
				PRODUCT_BUNDLE_IDENTIFIER = com.jihun.Cs193PHomeWork;
				PRODUCT_NAME = "$(TARGET_NAME)";
				SWIFT_VERSION = 5.0;
				TARGETED_DEVICE_FAMILY = "1,2";
			};
			name = Release;
		};
/* End XCBuildConfiguration section */

/* Begin XCConfigurationList section */
		40258FBE26AA332C0095F8E0 /* Build configuration list for PBXProject "Cs193PHomeWork" */ = {
			isa = XCConfigurationList;
			buildConfigurations = (
				40258FD526AA332E0095F8E0 /* Debug */,
				40258FD626AA332E0095F8E0 /* Release */,
			);
			defaultConfigurationIsVisible = 0;
			defaultConfigurationName = Release;
		};
		40258FD726AA332E0095F8E0 /* Build configuration list for PBXNativeTarget "Cs193PHomeWork" */ = {
			isa = XCConfigurationList;
			buildConfigurations = (
				40258FD826AA332E0095F8E0 /* Debug */,
				40258FD926AA332E0095F8E0 /* Release */,
			);
			defaultConfigurationIsVisible = 0;
			defaultConfigurationName = Release;
		};
/* End XCConfigurationList section */
	};
	rootObject = 40258FBB26AA332C0095F8E0 /* Project object */;
}
